#MicroXplorer Configuration settings - do not modify
Mcu.Family=STM32F2
NVIC.USART3_IRQn=true\:5\:0\:false\:false\:true\:true\:true\:true
ProjectManager.MainLocation=Core/Src
RCC.MCOFreq_Value=72000000
PH0-OSC_IN.Locked=true
PB13.GPIOParameters=GPIO_Label
SH.S_TIM4_CH2.ConfNb=1
RCC.USART1Freq_Value=72000000
PH0-OSC_IN.Signal=RCC_OSC_IN
RCC.CortexFreq_Value=120000000
RCC.TIM17Freq_Value=72000000
PG6.Signal=GPIO_Output
ProjectManager.KeepUserCode=true
Mcu.UserName=STM32F207ZGTx
PE11.GPIOParameters=GPIO_Label
PD9.GPIOParameters=GPIO_Label
PE11.GPIO_Label=BUTTON_SELECT
PG6.Locked=true
RCC.PLLCLKFreq_Value=120000000
PB14.GPIO_Label=LD3 [Red]
PG6.GPIO_Label=USB_PowerSwitchOn [STMPS2151STR_EN]
PA14.GPIO_Label=TCK
PC5.Locked=true
RCC.SYSCLKSourceVirtual=RCC_SYSCLKSOURCE_PLLCLK
PA12.GPIOParameters=GPIO_Label
ProjectManager.functionlistsort=1-MX_GPIO_Init-GPIO-false-HAL-true,2-MX_DMA_Init-DMA-false-HAL-true,3-SystemClock_Config-RCC-false-HAL-false,4-MX_USART3_UART_Init-USART3-false-HAL-true,5-MX_I2C1_Init-I2C1-false-HAL-true,6-MX_RTC_Init-RTC-false-HAL-true,7-MX_TIM4_Init-TIM4-false-HAL-true,8-MX_TIM3_Init-TIM3-false-HAL-true
PA9.GPIOParameters=GPIO_Label
PD8.Locked=true
PA11.GPIOParameters=GPIO_Label
Dma.TIM3_CH2.0.PeriphInc=DMA_PINC_DISABLE
VP_RTC_VS_RTC_Activate.Mode=RTC_Enabled
RCC.RTCFreq_Value=32000
PH0-OSC_IN.GPIOParameters=GPIO_Label
PB0.GPIO_Label=LD1 [Green]
RCC.USART2Freq_Value=36000000
VP_RTC_VS_RTC_Calendar.Signal=RTC_VS_RTC_Calendar
Dma.TIM3_CH2.0.Instance=DMA1_Stream5
PC13.GPIO_Label=USER_Btn [B1]
PC1.Locked=true
PB13.GPIO_Label=RMII_TXD1 [LAN8742A-CZ-TR_TXD1]
PB13.Signal=ETH_TXD1
PG13.Signal=ETH_TXD0
PA2.GPIOParameters=GPIO_Label
PD9.Mode=Asynchronous
PinOutPanel.RotationAngle=0
PG11.Signal=ETH_TX_EN
VP_RTC_VS_RTC_Alarm_A_Intern.Mode=Alarm A
RCC.MCO1PinFreq_Value=16000000
RCC.SYSCLKSource=RCC_SYSCLKSOURCE_PLLCLK
ProjectManager.StackSize=0x400
VP_FREERTOS_VS_CMSIS_V2.Mode=CMSIS_V2
SH.GPXTI13.0=GPIO_EXTI13
RCC.I2C3Freq_Value=8000000
PD13.Signal=S_TIM4_CH2
Mcu.IP4=RCC
RCC.FCLKCortexFreq_Value=120000000
Mcu.IP5=RTC
Mcu.IP2=I2C1
I2C1.IPParameters=I2C_Mode
NVIC.SVCall_IRQn=true\:0\:0\:false\:false\:false\:false\:true\:false
Mcu.IP3=NVIC
Mcu.IP0=DMA
PA12.Locked=true
Mcu.IP1=FREERTOS
PA12.Signal=USB_OTG_FS_DP
RTC.SynchPrediv=249
Mcu.UserConstants=
SH.S_TIM3_CH2.ConfNb=1
PC1.GPIOParameters=GPIO_Label
SH.GPXTI13.ConfNb=1
Mcu.ThirdPartyNb=0
RCC.HCLKFreq_Value=120000000
Mcu.IPNb=10
RCC.I2SClocksFreq_Value=118153846.15384614
ProjectManager.PreviousToolchain=
RCC.APB2TimFreq_Value=120000000
TIM3.Period=75
RCC.VcooutputI2S=118153846.15384614
PC7.Signal=S_TIM3_CH2
PD8.GPIOParameters=GPIO_Label
RTC.IPParameters=HourFormat,SynchPrediv,Alarm_A-Alarm A,AlarmMaskDateWeekDay_A-Alarm A,Minutes_A-Alarm A,Hours_A-Alarm A
PA8.GPIOParameters=GPIO_Label
Mcu.Pin6=PA1
Mcu.Pin7=PA2
PD8.Signal=USART3_TX
Mcu.Pin8=PA7
Mcu.Pin9=PC4
Dma.TIM3_CH2.0.RequestParameters=Instance,Direction,PeriphInc,MemInc,PeriphDataAlignment,MemDataAlignment,Mode,Priority,FIFOMode
FREERTOS.IPParameters=Tasks01,FootprintOK
RCC.AHBFreq_Value=120000000
PH0-OSC_IN.Mode=HSE-External-Clock-Source
PB13.Locked=true
RCC.TIM2Freq_Value=72000000
PH0-OSC_IN.GPIO_Label=MCO [STM32F103CBT6_PA8]
Mcu.Pin0=PC13
Mcu.Pin1=PC14-OSC32_IN
GPIO.groupedBy=Group By Peripherals
Mcu.Pin2=PC15-OSC32_OUT
Mcu.Pin3=PH0-OSC_IN
RCC.USART3Freq_Value=36000000
Mcu.Pin4=PH1-OSC_OUT
Mcu.Pin5=PC1
ProjectManager.ProjectBuild=false
RCC.HSE_VALUE=8000000
PG13.Locked=true
NVIC.UsageFault_IRQn=true\:0\:0\:false\:false\:true\:false\:true\:false
NVIC.DebugMonitor_IRQn=true\:0\:0\:false\:false\:true\:false\:true\:false
PA8.Locked=true
NVIC.SysTick_IRQn=true\:15\:0\:false\:false\:false\:true\:true\:true
RCC.PLLMUL=RCC_PLL_MUL9
ProjectManager.FirmwarePackage=STM32Cube FW_F2 V1.9.2
MxDb.Version=DB.6.0.21
PB0.GPIOParameters=GPIO_Label
PA1.GPIOParameters=GPIO_Label
ProjectManager.BackupPrevious=false
PC14-OSC32_IN.Mode=LSE-External-Oscillator
RCC.VCOInputFreq_Value=1230769.2307692308
PC4.GPIO_Label=RMII_RXD0 [LAN8742A-CZ-TR_RXD0]
PA14.Mode=Serial_Wire
VP_SYS_VS_tim1.Mode=TIM1
File.Version=6
PA10.GPIO_Label=USB_ID
PH1-OSC_OUT.Locked=true
PB3.GPIOParameters=GPIO_Label
SH.S_TIM4_CH2.0=TIM4_CH2,Encoder_Interface
PB7.Signal=GPIO_Output
PA8.Signal=USB_OTG_FS_SOF
PB8.Locked=true
NVIC.PendSV_IRQn=true\:15\:0\:false\:false\:false\:true\:true\:false
Dma.RequestsNb=1
ProjectManager.HalAssertFull=false
PB0.Locked=true
RTC.Hours_A-Alarm\ A=12
ProjectManager.ProjectName=HabitTracker
RCC.TIM1Freq_Value=72000000
PA13.GPIOParameters=GPIO_Label
RCC.PLLMCOFreq_Value=72000000
PH1-OSC_OUT.Mode=HSE-External-Clock-Source
PB7.GPIO_Label=LD2 [Blue]
RCC.MCO2PinFreq_Value=120000000
Mcu.Package=LQFP144
PB9.Signal=I2C1_SDA
RCC.TIM15Freq_Value=72000000
PA7.Locked=true
NVIC.TimeBase=TIM1_UP_TIM10_IRQn
PG11.Locked=true
PG13.GPIOParameters=GPIO_Label
RCC.ADC34outputFreq_Value=72000000
PD12.Signal=S_TIM4_CH1
PA14.Locked=true
ProjectManager.ToolChainLocation=
PA2.GPIO_Label=RMII_MDIO [LAN8742A-CZ-TR_MDIO]
RCC.LSI_VALUE=32000
NVIC.TimeBaseIP=TIM1
USART3.IPParameters=VirtualMode
PA10.Signal=USB_OTG_FS_ID
VP_RTC_VS_RTC_Calendar.Mode=RTC_Calendar
FREERTOS.FootprintOK=true
Dma.TIM3_CH2.0.MemDataAlignment=DMA_MDATAALIGN_HALFWORD
PB14.GPIOParameters=GPIO_Label
RCC.TIM16Freq_Value=72000000
RCC.APB2CLKDivider=RCC_HCLK_DIV2
SH.S_TIM4_CH1.0=TIM4_CH1,Encoder_Interface
RCC.APB1TimFreq_Value=60000000
NVIC.BusFault_IRQn=true\:0\:0\:false\:false\:true\:false\:true\:false
PC4.Locked=true
PG11.GPIO_Label=RMII_TX_EN [LAN8742A-CZ-TR_TXEN]
PC5.Signal=ETH_RXD1
Dma.Request0=TIM3_CH2
ProjectManager.CustomerFirmwarePackage=
PC4.GPIOParameters=GPIO_Label
VP_TIM3_VS_ClockSourceINT.Mode=Internal
PC14-OSC32_IN.Locked=true
PB3.Locked=true
PA2.Locked=true
PB3.GPIO_Label=SWO
VP_RTC_VS_RTC_Activate.Signal=RTC_VS_RTC_Activate
PC15-OSC32_OUT.Mode=LSE-External-Oscillator
SH.S_TIM4_CH1.ConfNb=1
ProjectManager.ProjectFileName=HabitTracker.ioc
RCC.ADC12outputFreq_Value=72000000
FREERTOS.Tasks01=defaultTask,24,128,StartDefaultTask,Default,NULL,Static,defaultTaskBuffer,defaultTaskControlBlock
PG7.Locked=true
PG7.Signal=GPIO_Input
Dma.TIM3_CH2.0.Mode=DMA_NORMAL
PD9.GPIO_Label=STLK_TX [STM32F103CBT6_PA2]
Mcu.PinsNb=41
ProjectManager.NoMain=false
PC13.Locked=true
NVIC.SavedSvcallIrqHandlerGenerated=true
PC13.Signal=GPXTI13
PA9.GPIO_Label=USB_VBUS
PC4.Signal=ETH_RXD0
PA11.GPIO_Label=USB_DM
ProjectManager.DefaultFWLocation=true
PD9.Signal=USART3_RX
ProjectManager.DeletePrevious=true
PB14.Locked=true
RCC.APB1CLKDivider=RCC_HCLK_DIV4
PC14-OSC32_IN.Signal=RCC_OSC32_IN
boardIOC=true
PG13.GPIO_Label=RMII_TXD0 [LAN8742A-CZ-TR_TXD0]
PA12.GPIO_Label=USB_DP
RCC.FamilyName=M
Dma.TIM3_CH2.0.Direction=DMA_MEMORY_TO_PERIPH
PD8.GPIO_Label=STLK_RX [STM32F103CBT6_PA3]
RCC.WatchDogFreq_Value=32000
PA13.Signal=SYS_JTMS-SWDIO
RTC.Alarm_A-Alarm\ A=RTC_ALARM_A
PA11.Locked=true
PA8.GPIO_Label=USB_SOF [TP1]
PC15-OSC32_OUT.Locked=true
ProjectManager.TargetToolchain=STM32CubeIDE
NVIC.DMA1_Stream5_IRQn=true\:5\:0\:false\:false\:true\:true\:false\:true
I2C1.I2C_Mode=I2C_Fast
Dma.TIM3_CH2.0.PeriphDataAlignment=DMA_PDATAALIGN_HALFWORD
PB7.GPIOParameters=GPIO_Label
PC5.GPIOParameters=GPIO_Label
PB9.Mode=I2C
PA9.Signal=USB_OTG_FS_VBUS
ProjectManager.RegisterCallBack=
RCC.USBFreq_Value=48000000
VP_TIM3_VS_ClockSourceINT.Signal=TIM3_VS_ClockSourceINT
PE11.Signal=GPIO_Input
PC15-OSC32_OUT.Signal=RCC_OSC32_OUT
PD8.Mode=Asynchronous
PA1.Signal=ETH_REF_CLK
RCC.VCOI2SOutputFreq_Value=236307692.3076923
PB14.Signal=GPIO_Output
PG6.GPIOParameters=GPIO_Label
Mcu.Pin40=VP_TIM3_VS_ClockSourceINT
SH.S_TIM3_CH2.0=TIM3_CH2,PWM Generation2 CH2
board=NUCLEO-F207ZG
RTC.AlarmMaskDateWeekDay_A-Alarm\ A=RTC_ALARMMASK_DATEWEEKDAY
RCC.VCOOutputFreq_Value=240000000
ProjectManager.LastFirmware=true
RCC.VCOOutput2Freq_Value=8000000
NVIC.SavedSystickIrqHandlerGenerated=true
RCC.APB2Freq_Value=60000000
RCC.TIM8Freq_Value=72000000
RCC.UART4Freq_Value=36000000
Dma.TIM3_CH2.0.Priority=DMA_PRIORITY_LOW
MxCube.Version=6.2.1
Mcu.Pin37=VP_RTC_VS_RTC_Calendar
Mcu.Pin38=VP_RTC_VS_RTC_Alarm_A_Intern
RCC.PRESCALERUSB=RCC_USBCLKSOURCE_PLL_DIV1_5
Mcu.Pin35=VP_FREERTOS_VS_CMSIS_V2
Dma.TIM3_CH2.0.MemInc=DMA_MINC_ENABLE
RCC.I2C1Freq_Value=8000000
Mcu.Pin36=VP_RTC_VS_RTC_Activate
VP_SYS_VS_tim1.Signal=SYS_VS_tim1
PC13.GPIOParameters=GPIO_Label
PG7.GPIO_Label=USB_OverCurrent [STMPS2151STR_FAULT]
Mcu.Pin39=VP_SYS_VS_tim1
Mcu.Pin30=PG13
PA1.GPIO_Label=RMII_REF_CLK [LAN8742A-CZ-TR_REFCLK0]
PC1.GPIO_Label=RMII_MDC [LAN8742A-CZ-TR_MDC]
PA10.GPIOParameters=GPIO_Label
RCC.EthernetFreq_Value=120000000
Mcu.Pin33=PB8
TIM3.IPParameters=Channel-PWM Generation2 CH2,Period
PH1-OSC_OUT.Signal=RCC_OSC_OUT
Mcu.Pin34=PB9
Mcu.Pin31=PB3
Mcu.Pin32=PB7
PA9.Locked=true
NVIC.NonMaskableInt_IRQn=true\:0\:0\:false\:false\:true\:false\:true\:false
RCC.UART5Freq_Value=36000000
PA13.Mode=Serial_Wire
ProjectManager.FreePins=false
NVIC.RTC_Alarm_IRQn=true\:5\:0\:false\:false\:true\:true\:true\:true
RCC.IPParameters=48MHZClocksFreq_Value,ADC12outputFreq_Value,ADC34outputFreq_Value,AHBFreq_Value,APB1CLKDivider,APB1Freq_Value,APB1TimFreq_Value,APB2CLKDivider,APB2Freq_Value,APB2TimFreq_Value,CortexFreq_Value,EthernetFreq_Value,FCLKCortexFreq_Value,FamilyName,HCLKFreq_Value,HSE_VALUE,HSI_VALUE,I2C1Freq_Value,I2C2Freq_Value,I2C3Freq_Value,I2SClocksFreq_Value,LSI_VALUE,MCO1PinFreq_Value,MCO2PinFreq_Value,MCOFreq_Value,PLLCLKFreq_Value,PLLM,PLLMCOFreq_Value,PLLMUL,PLLN,PLLQ,PRESCALERUSB,RTCFreq_Value,RTCHSEDivFreq_Value,SYSCLKFreq_VALUE,SYSCLKSource,SYSCLKSourceVirtual,TIM15Freq_Value,TIM16Freq_Value,TIM17Freq_Value,TIM1Freq_Value,TIM20Freq_Value,TIM2Freq_Value,TIM3Freq_Value,TIM8Freq_Value,UART4Freq_Value,UART5Freq_Value,USART1Freq_Value,USART2Freq_Value,USART3Freq_Value,USBFreq_Value,VCOI2SOutputFreq_Value,VCOInputFreq_Value,VCOOutput2Freq_Value,VCOOutputFreq_Value,VcooutputI2S,WatchDogFreq_Value
PE11.Locked=true
ProjectManager.AskForMigrate=true
Mcu.Name=STM32F207Z(C-E-F-G)Tx
Mcu.Pin26=PA12
Mcu.Pin27=PA13
NVIC.SavedPendsvIrqHandlerGenerated=true
RCC.RTCHSEDivFreq_Value=4000000
PA2.Signal=ETH_MDIO
Mcu.Pin24=PA10
PA13.GPIO_Label=TMS
ProjectManager.UnderRoot=true
Mcu.Pin25=PA11
Mcu.IP8=TIM4
VP_FREERTOS_VS_CMSIS_V2.Signal=FREERTOS_VS_CMSIS_V2
RTC.Minutes_A-Alarm\ A=0
Mcu.IP9=USART3
Mcu.Pin28=PA14
Mcu.IP6=SYS
Mcu.Pin29=PG11
Mcu.IP7=TIM3
ProjectManager.CoupleFile=false
RCC.48MHZClocksFreq_Value=48000000
PB3.Signal=SYS_JTDO-SWO
RCC.SYSCLKFreq_VALUE=120000000
Dma.TIM3_CH2.0.FIFOMode=DMA_FIFOMODE_DISABLE
Mcu.Pin22=PA8
Mcu.Pin23=PA9
PA1.Locked=true
PA7.GPIO_Label=RMII_CRS_DV [LAN8742A-CZ-TR_CRS_DV]
Mcu.Pin20=PG7
Mcu.Pin21=PC7
PA10.Locked=true
NVIC.ForceEnableDMAVector=true
KeepUserPlacement=false
PC5.GPIO_Label=RMII_RXD1 [LAN8742A-CZ-TR_RXD1]
USART3.VirtualMode=VM_ASYNC
PA14.GPIOParameters=GPIO_Label
NVIC.MemoryManagement_IRQn=true\:0\:0\:false\:false\:true\:false\:true\:false
PA13.Locked=true
VP_RTC_VS_RTC_Alarm_A_Intern.Signal=RTC_VS_RTC_Alarm_A_Intern
ProjectManager.CompilerOptimize=6
PA11.Signal=USB_OTG_FS_DM
PA14.Signal=SYS_JTCK-SWCLK
RTC.HourFormat=RTC_HOURFORMAT_12
ProjectManager.HeapSize=0x200
Mcu.Pin15=PD8
NVIC.HardFault_IRQn=true\:0\:0\:false\:false\:true\:false\:true\:false
Mcu.Pin16=PD9
Mcu.Pin13=PB13
Mcu.Pin14=PB14
Mcu.Pin19=PG6
NVIC.TIM1_UP_TIM10_IRQn=true\:0\:0\:false\:false\:true\:false\:false\:true
RCC.TIM20Freq_Value=72000000
ProjectManager.ComputerToolchain=false
Mcu.Pin17=PD12
RCC.HSI_VALUE=16000000
Mcu.Pin18=PD13
RCC.TIM3Freq_Value=72000000
RCC.PLLQ=5
NVIC.PriorityGroup=NVIC_PRIORITYGROUP_4
Mcu.Pin11=PB0
TIM3.Channel-PWM\ Generation2\ CH2=TIM_CHANNEL_2
Mcu.Pin12=PE11
RCC.PLLM=13
PB8.Mode=I2C
RCC.PLLN=195
Mcu.Pin10=PC5
PB7.Locked=true
PB8.Signal=I2C1_SCL
RCC.I2C2Freq_Value=8000000
PD9.Locked=true
RCC.APB1Freq_Value=30000000
PB0.Signal=GPIO_Output
PA7.GPIOParameters=GPIO_Label
ProjectManager.DeviceId=STM32F207ZGTx
PC1.Signal=ETH_MDC
PG7.GPIOParameters=GPIO_Label
ProjectManager.LibraryCopy=1
PG11.GPIOParameters=GPIO_Label
PA7.Signal=ETH_CRS_DV
isbadioc=false
